
Microsoft Visual Studio Solution File, Format Version 12.00
# Visual Studio Version 17
VisualStudioVersion = 17.5.33530.505
MinimumVisualStudioVersion = 10.0.40219.1
Project("{FAE04EC0-301F-11D3-BF4B-00C04F79EFBC}") = "lab1.2", "lab1.2.csproj", "{1DD5E9AF-4A34-4D0F-8D5F-07C8B9D3E434}"
EndProject
Global
	GlobalSection(SolutionConfigurationPlatforms) = preSolution
		Debug|Any CPU = Debug|Any CPU
		Release|Any CPU = Release|Any CPU
	EndGlobalSection
	GlobalSection(ProjectConfigurationPlatforms) = postSolution
		{1DD5E9AF-4A34-4D0F-8D5F-07C8B9D3E434}.Debug|Any CPU.ActiveCfg = Debug|Any CPU
		{1DD5E9AF-4A34-4D0F-8D5F-07C8B9D3E434}.Debug|Any CPU.Build.0 = Debug|Any CPU
		{1DD5E9AF-4A34-4D0F-8D5F-07C8B9D3E434}.Release|Any CPU.ActiveCfg = Release|Any CPU
		{1DD5E9AF-4A34-4D0F-8D5F-07C8B9D3E434}.Release|Any CPU.Build.0 = Release|Any CPU
	EndGlobalSection
	GlobalSection(SolutionProperties) = preSolution
		HideSolutionNode = FALSE
	EndGlobalSection
	GlobalSection(ExtensibilityGlobals) = postSolution
		SolutionGuid = {EB822B22-78DC-4E32-AEFF-8D3789626E7B}
	EndGlobalSection
EndGlobal
