
Microsoft Visual Studio Solution File, Format Version 12.00
# Visual Studio Version 17
VisualStudioVersion = 17.5.33530.505
MinimumVisualStudioVersion = 10.0.40219.1
Project("{FAE04EC0-301F-11D3-BF4B-00C04F79EFBC}") = "pt7.1", "pt7.1\pt7.1.csproj", "{8A64824C-B7C6-429E-9BAE-85547794A691}"
EndProject
Project("{FAE04EC0-301F-11D3-BF4B-00C04F79EFBC}") = "pt7.2", "pt7.2\pt7.2.csproj", "{95E70D3A-59A9-4658-AC52-9007B99C3F8E}"
EndProject
Global
	GlobalSection(SolutionConfigurationPlatforms) = preSolution
		Debug|Any CPU = Debug|Any CPU
		Release|Any CPU = Release|Any CPU
	EndGlobalSection
	GlobalSection(ProjectConfigurationPlatforms) = postSolution
		{8A64824C-B7C6-429E-9BAE-85547794A691}.Debug|Any CPU.ActiveCfg = Debug|Any CPU
		{8A64824C-B7C6-429E-9BAE-85547794A691}.Debug|Any CPU.Build.0 = Debug|Any CPU
		{8A64824C-B7C6-429E-9BAE-85547794A691}.Release|Any CPU.ActiveCfg = Release|Any CPU
		{8A64824C-B7C6-429E-9BAE-85547794A691}.Release|Any CPU.Build.0 = Release|Any CPU
		{95E70D3A-59A9-4658-AC52-9007B99C3F8E}.Debug|Any CPU.ActiveCfg = Debug|Any CPU
		{95E70D3A-59A9-4658-AC52-9007B99C3F8E}.Debug|Any CPU.Build.0 = Debug|Any CPU
		{95E70D3A-59A9-4658-AC52-9007B99C3F8E}.Release|Any CPU.ActiveCfg = Release|Any CPU
		{95E70D3A-59A9-4658-AC52-9007B99C3F8E}.Release|Any CPU.Build.0 = Release|Any CPU
	EndGlobalSection
	GlobalSection(SolutionProperties) = preSolution
		HideSolutionNode = FALSE
	EndGlobalSection
	GlobalSection(ExtensibilityGlobals) = postSolution
		SolutionGuid = {81D8C760-7DCA-4510-81DC-7C7F25ABF2DF}
	EndGlobalSection
EndGlobal
